// !$*UTF8*$!
{
	archiveVersion = 1;
	classes = {
	};
	objectVersion = 71;
	objects = {

/* Begin PBXFileReference section */
		A20000000000000000000001 /* My Journey Sight.app */ = {isa = PBXFileReference; explicitFileType = wrapper.application; path = "My Journey Sight.app"; sourceTree = BUILT_PRODUCTS_DIR; };
/* End PBXFileReference section */

/* Begin PBXFileSystemSynchronizedRootGroup section */
		A20000000000000000000002 /* AITourGuide */ = {isa = PBXFileSystemSynchronizedRootGroup; explicitFileTypes = {}; explicitFolders = (); path = AITourGuide; sourceTree = "<group>"; };
/* End PBXFileSystemSynchronizedRootGroup section */

/* Begin PBXFrameworksBuildPhase section */
		A20000000000000000000006 /* Frameworks */ = {
			isa = PBXFrameworksBuildPhase;
			buildActionMask = 2147483647;
			files = (
			);
			runOnlyForDeploymentPostprocessing = 0;
		};
/* End PBXFrameworksBuildPhase section */

/* Begin PBXGroup section */
		A20000000000000000000003 = {
			isa = PBXGroup;
			children = (
				A20000000000000000000002 /* AITourGuide */,
				A20000000000000000000004 /* Products */,
			);
			sourceTree = "<group>";
		};
		A20000000000000000000004 /* Products */ = {
			isa = PBXGroup;
			children = (
				A20000000000000000000001 /* My Journey Sight.app */,
			);
			name = Products;
			sourceTree = "<group>";
		};
/* End PBXGroup section */

/* Begin PBXNativeTarget section */
		A20000000000000000000008 /* My Journey Sight */ = {
			isa = PBXNativeTarget;
			buildConfigurationList = A20000000000000000000009 /* Build configuration list for PBXNativeTarget "My Journey Sight" */;
			buildPhases = (
				A20000000000000000000005 /* Sources */,
				A20000000000000000000006 /* Frameworks */,
				A20000000000000000000007 /* Resources */,
			);
			buildRules = (
			);
			dependencies = (
			);
			fileSystemSynchronizedGroups = (
				A20000000000000000000002 /* AITourGuide */,
			);
			name = "My Journey Sight";
			packageProductDependencies = (
			);
			productName = "My Journey Sight";
			productReference = A20000000000000000000001 /* My Journey Sight.app */;
			productType = "com.apple.product-type.application";
		};
/* End PBXNativeTarget section */

/* Begin PBXProject section */
		A2000000000000000000000A /* Project object */ = {
			isa = PBXProject;
			attributes = {
				BuildIndependentTargetsInParallel = 1;
				LastSwiftUpdateCheck = 2700;
				LastUpgradeCheck = 2700;
				TargetAttributes = {
					A20000000000000000000008 = {
						CreatedOnToolsVersion = 27.0;
					};
				};
			};
			buildConfigurationList = A2000000000000000000000B /* Build configuration list for PBXProject "My Journey Sight" */;
			compatibilityVersion = "Xcode 16.0";
			developmentRegion = en;
			hasScannedForEncodings = 0;
			knownRegions = (
				en,
				Base,
			);
			mainGroup = A20000000000000000000003;
			productRefGroup = A20000000000000000000004 /* Products */;
			projectDirPath = "";
			projectRoot = "";
			targets = (
				A20000000000000000000008 /* My Journey Sight */,
			);
		};
/* End PBXProject section */

/* Begin PBXResourcesBuildPhase section */
		A20000000000000000000007 /* Resources */ = {
			isa = PBXResourcesBuildPhase;
			buildActionMask = 2147483647;
			files = (
			);
			runOnlyForDeploymentPostprocessing = 0;
		};
/* End PBXResourcesBuildPhase section */

/* Begin PBXSourcesBuildPhase section */
		A20000000000000000000005 /* Sources */ = {
			isa = PBXSourcesBuildPhase;
			buildActionMask = 2147483647;
			files = (
			);
			runOnlyForDeploymentPostprocessing = 0;
		};
/* End PBXSourcesBuildPhase section */

/* Begin XCBuildConfiguration section */
		A2000000000000000000000C /* Debug */ = {
			isa = XCBuildConfiguration;
			buildSettings = {
				CLANG_ENABLE_MODULES = YES;
				SWIFT_VERSION = 6.0;
			};
			name = Debug;
		};
		A2000000000000000000000D /* Release */ = {
			isa = XCBuildConfiguration;
			buildSettings = {
				CLANG_ENABLE_MODULES = YES;
				SWIFT_COMPILATION_MODE = wholemodule;
				SWIFT_VERSION = 6.0;
			};
			name = Release;
		};
		A2000000000000000000000E /* Debug */ = {
			isa = XCBuildConfiguration;
			buildSettings = {
				ASSETCATALOG_COMPILER_APPICON_NAME = AppIcon;
				CODE_SIGN_ENTITLEMENTS = AITourGuide.entitlements;
				CODE_SIGN_STYLE = Automatic;
				CURRENT_PROJECT_VERSION = 1;
				DEVELOPMENT_TEAM = "";
				GENERATE_INFOPLIST_FILE = YES;
				INFOPLIST_KEY_CFBundleDisplayName = "玩乐";
				INFOPLIST_KEY_UILaunchScreen_Generation = YES;
				INFOPLIST_KEY_NSCameraUsageDescription = "用于拍摄展品或建筑，生成现场讲解。";
				INFOPLIST_KEY_NSLocationWhenInUseUsageDescription = "用于推荐当前位置附近值得参观的景点。";
				INFOPLIST_KEY_NSMicrophoneUsageDescription = "用于录入向导游提出的语音问题。";
				INFOPLIST_KEY_NSSpeechRecognitionUsageDescription = "用于将口述问题转为可编辑文字。";
				INFOPLIST_KEY_UISupportedInterfaceOrientations = UIInterfaceOrientationPortrait;
				IPHONEOS_DEPLOYMENT_TARGET = 18.0;
				LD_RUNPATH_SEARCH_PATHS = (
					"$(inherited)",
					"@executable_path/Frameworks",
				);
				MARKETING_VERSION = 1.0;
				PRODUCT_BUNDLE_IDENTIFIER = com.myjourney.public.sight;
				PRODUCT_NAME = "$(TARGET_NAME)";
				SDKROOT = iphoneos;
				SUPPORTED_PLATFORMS = "iphoneos iphonesimulator";
				SUPPORTS_MACCATALYST = NO;
				SWIFT_EMIT_LOC_STRINGS = YES;
				SWIFT_STRICT_CONCURRENCY = complete;
				TARGETED_DEVICE_FAMILY = 1;
			};
			name = Debug;
		};
		A2000000000000000000000F /* Release */ = {
			isa = XCBuildConfiguration;
			buildSettings = {
				ASSETCATALOG_COMPILER_APPICON_NAME = AppIcon;
				CODE_SIGN_ENTITLEMENTS = AITourGuide.entitlements;
				CODE_SIGN_STYLE = Automatic;
				CURRENT_PROJECT_VERSION = 1;
				DEVELOPMENT_TEAM = "";
				GENERATE_INFOPLIST_FILE = YES;
				INFOPLIST_KEY_CFBundleDisplayName = "玩乐";
				INFOPLIST_KEY_UILaunchScreen_Generation = YES;
				INFOPLIST_KEY_NSCameraUsageDescription = "用于拍摄展品或建筑，生成现场讲解。";
				INFOPLIST_KEY_NSLocationWhenInUseUsageDescription = "用于推荐当前位置附近值得参观的景点。";
				INFOPLIST_KEY_NSMicrophoneUsageDescription = "用于录入向导游提出的语音问题。";
				INFOPLIST_KEY_NSSpeechRecognitionUsageDescription = "用于将口述问题转为可编辑文字。";
				INFOPLIST_KEY_UISupportedInterfaceOrientations = UIInterfaceOrientationPortrait;
				IPHONEOS_DEPLOYMENT_TARGET = 18.0;
				LD_RUNPATH_SEARCH_PATHS = (
					"$(inherited)",
					"@executable_path/Frameworks",
				);
				MARKETING_VERSION = 1.0;
				PRODUCT_BUNDLE_IDENTIFIER = com.myjourney.public.sight;
				PRODUCT_NAME = "$(TARGET_NAME)";
				SDKROOT = iphoneos;
				SUPPORTED_PLATFORMS = "iphoneos iphonesimulator";
				SUPPORTS_MACCATALYST = NO;
				SWIFT_EMIT_LOC_STRINGS = YES;
				SWIFT_STRICT_CONCURRENCY = complete;
				TARGETED_DEVICE_FAMILY = 1;
			};
			name = Release;
		};
/* End XCBuildConfiguration section */

/* Begin XCConfigurationList section */
		A20000000000000000000009 /* Build configuration list for PBXNativeTarget "My Journey Sight" */ = {
			isa = XCConfigurationList;
			buildConfigurations = (
				A2000000000000000000000E /* Debug */,
				A2000000000000000000000F /* Release */,
			);
			defaultConfigurationIsVisible = 0;
			defaultConfigurationName = Release;
		};
		A2000000000000000000000B /* Build configuration list for PBXProject "My Journey Sight" */ = {
			isa = XCConfigurationList;
			buildConfigurations = (
				A2000000000000000000000C /* Debug */,
				A2000000000000000000000D /* Release */,
			);
			defaultConfigurationIsVisible = 0;
			defaultConfigurationName = Release;
		};
/* End XCConfigurationList section */
	};
	rootObject = A2000000000000000000000A /* Project object */;
}
